// !$*UTF8*$!
{
	archiveVersion = 1;
	classes = {
	};
	objectVersion = 46;
	objects = {

/* Begin PBXBuildFile section */
		5511A1B21CD39AB100F2932A /* PitcherSideView.m in Sources */ = {isa = PBXBuildFile; fileRef = 5511A1B11CD39AB100F2932A /* PitcherSideView.m */; };
		551A0C1F1CE554800004B9C1 /* InGameViewController.m in Sources */ = {isa = PBXBuildFile; fileRef = 551A0C1E1CE554800004B9C1 /* InGameViewController.m */; };
		551A0C221CE586260004B9C1 /* ZoneView.m in Sources */ = {isa = PBXBuildFile; fileRef = 551A0C211CE586260004B9C1 /* ZoneView.m */; };
		551A0C251CE586AC0004B9C1 /* SingleZoneView.m in Sources */ = {isa = PBXBuildFile; fileRef = 551A0C241CE586AC0004B9C1 /* SingleZoneView.m */; };
		5537DB541CD5AF4F0088AD4D /* SelectableLabel.m in Sources */ = {isa = PBXBuildFile; fileRef = 5537DB531CD5AF4F0088AD4D /* SelectableLabel.m */; };
		555440C91CF212AF0067B495 /* AtPlateInstance.m in Sources */ = {isa = PBXBuildFile; fileRef = 555440C81CF212AF0067B495 /* AtPlateInstance.m */; };
		555440D01CF227FE0067B495 /* NSLogCustom.m in Sources */ = {isa = PBXBuildFile; fileRef = 555440CF1CF227FE0067B495 /* NSLogCustom.m */; };
		555B66631CF2B57800D2F8B3 /* PitchStatsFiltered.m in Sources */ = {isa = PBXBuildFile; fileRef = 555B66621CF2B57800D2F8B3 /* PitchStatsFiltered.m */; };
		5599008E1CD2890300D103FF /* main.m in Sources */ = {isa = PBXBuildFile; fileRef = 5599008D1CD2890300D103FF /* main.m */; };
		559900911CD2890300D103FF /* AppDelegate.m in Sources */ = {isa = PBXBuildFile; fileRef = 559900901CD2890300D103FF /* AppDelegate.m */; };
		559900941CD2890300D103FF /* ViewController.m in Sources */ = {isa = PBXBuildFile; fileRef = 559900931CD2890300D103FF /* ViewController.m */; };
		559900971CD2890300D103FF /* Main.storyboard in Resources */ = {isa = PBXBuildFile; fileRef = 559900951CD2890300D103FF /* Main.storyboard */; };
		559900991CD2890300D103FF /* Assets.xcassets in Resources */ = {isa = PBXBuildFile; fileRef = 559900981CD2890300D103FF /* Assets.xcassets */; };
		5599009C1CD2890300D103FF /* LaunchScreen.storyboard in Resources */ = {isa = PBXBuildFile; fileRef = 5599009A1CD2890300D103FF /* LaunchScreen.storyboard */; };
		559900A61CD29FBD00D103FF /* PitcherManagementViewController.m in Sources */ = {isa = PBXBuildFile; fileRef = 559900A41CD29FBD00D103FF /* PitcherManagementViewController.m */; };
		559900A71CD29FBD00D103FF /* PitcherManagementViewController.xib in Resources */ = {isa = PBXBuildFile; fileRef = 559900A51CD29FBD00D103FF /* PitcherManagementViewController.xib */; };
		559900AB1CD2AA0E00D103FF /* NewGameViewController.m in Sources */ = {isa = PBXBuildFile; fileRef = 559900A91CD2AA0E00D103FF /* NewGameViewController.m */; };
		559900AC1CD2AA0E00D103FF /* NewGameViewController.xib in Resources */ = {isa = PBXBuildFile; fileRef = 559900AA1CD2AA0E00D103FF /* NewGameViewController.xib */; };
		559900B01CD2AA6700D103FF /* StatsViewController.m in Sources */ = {isa = PBXBuildFile; fileRef = 559900AE1CD2AA6700D103FF /* StatsViewController.m */; };
		559900B11CD2AA6700D103FF /* StatsViewController.xib in Resources */ = {isa = PBXBuildFile; fileRef = 559900AF1CD2AA6700D103FF /* StatsViewController.xib */; };
		559900B61CD2B1AE00D103FF /* Pitcher.m in Sources */ = {isa = PBXBuildFile; fileRef = 559900B51CD2B1AE00D103FF /* Pitcher.m */; };
		559900C41CD2B95600D103FF /* PitchStats.m in Sources */ = {isa = PBXBuildFile; fileRef = 559900C31CD2B95600D103FF /* PitchStats.m */; };
		559900C71CD2B97000D103FF /* PitchInstance.m in Sources */ = {isa = PBXBuildFile; fileRef = 559900C61CD2B97000D103FF /* PitchInstance.m */; };
		559A60D81CD3C6530037A1F3 /* PitcherInfoView.m in Sources */ = {isa = PBXBuildFile; fileRef = 559A60D71CD3C6530037A1F3 /* PitcherInfoView.m */; };
		559A60DB1CD3C6E00037A1F3 /* PitcherStatsView.m in Sources */ = {isa = PBXBuildFile; fileRef = 559A60DA1CD3C6E00037A1F3 /* PitcherStatsView.m */; };
		559A60DF1CD3D00E0037A1F3 /* PitcherView.m in Sources */ = {isa = PBXBuildFile; fileRef = 559A60DE1CD3D00E0037A1F3 /* PitcherView.m */; };
		559A60E21CD3D3470037A1F3 /* PitcherInfo.m in Sources */ = {isa = PBXBuildFile; fileRef = 559A60E11CD3D3470037A1F3 /* PitcherInfo.m */; };
		559A60E51CD414A80037A1F3 /* LocalPitcherDatabase.m in Sources */ = {isa = PBXBuildFile; fileRef = 559A60E41CD414A80037A1F3 /* LocalPitcherDatabase.m */; };
		559A60E81CD51C310037A1F3 /* PitcherSideScrollView.m in Sources */ = {isa = PBXBuildFile; fileRef = 559A60E71CD51C310037A1F3 /* PitcherSideScrollView.m */; };
		559A60EB1CD537A50037A1F3 /* EditPitcherView.m in Sources */ = {isa = PBXBuildFile; fileRef = 559A60EA1CD537A50037A1F3 /* EditPitcherView.m */; };
		559A60EE1CD546660037A1F3 /* CustomTextField.m in Sources */ = {isa = PBXBuildFile; fileRef = 559A60ED1CD546660037A1F3 /* CustomTextField.m */; };
/* End PBXBuildFile section */

/* Begin PBXFileReference section */
		5511A1B01CD39AB100F2932A /* PitcherSideView.h */ = {isa = PBXFileReference; fileEncoding = 4; lastKnownFileType = sourcecode.c.h; path = PitcherSideView.h; sourceTree = "<group>"; };
		5511A1B11CD39AB100F2932A /* PitcherSideView.m */ = {isa = PBXFileReference; fileEncoding = 4; lastKnownFileType = sourcecode.c.objc; path = PitcherSideView.m; sourceTree = "<group>"; };
		551A0C1D1CE554800004B9C1 /* InGameViewController.h */ = {isa = PBXFileReference; fileEncoding = 4; lastKnownFileType = sourcecode.c.h; path = InGameViewController.h; sourceTree = "<group>"; };
		551A0C1E1CE554800004B9C1 /* InGameViewController.m */ = {isa = PBXFileReference; fileEncoding = 4; lastKnownFileType = sourcecode.c.objc; path = InGameViewController.m; sourceTree = "<group>"; };
		551A0C201CE586260004B9C1 /* ZoneView.h */ = {isa = PBXFileReference; fileEncoding = 4; lastKnownFileType = sourcecode.c.h; path = ZoneView.h; sourceTree = "<group>"; };
		551A0C211CE586260004B9C1 /* ZoneView.m */ = {isa = PBXFileReference; fileEncoding = 4; lastKnownFileType = sourcecode.c.objc; path = ZoneView.m; sourceTree = "<group>"; };
		551A0C231CE586AC0004B9C1 /* SingleZoneView.h */ = {isa = PBXFileReference; fileEncoding = 4; lastKnownFileType = sourcecode.c.h; path = SingleZoneView.h; sourceTree = "<group>"; };
		551A0C241CE586AC0004B9C1 /* SingleZoneView.m */ = {isa = PBXFileReference; fileEncoding = 4; lastKnownFileType = sourcecode.c.objc; path = SingleZoneView.m; sourceTree = "<group>"; };
		5537DB521CD5AF4F0088AD4D /* SelectableLabel.h */ = {isa = PBXFileReference; fileEncoding = 4; lastKnownFileType = sourcecode.c.h; path = SelectableLabel.h; sourceTree = "<group>"; };
		5537DB531CD5AF4F0088AD4D /* SelectableLabel.m */ = {isa = PBXFileReference; fileEncoding = 4; lastKnownFileType = sourcecode.c.objc; path = SelectableLabel.m; sourceTree = "<group>"; };
		555440C71CF212AF0067B495 /* AtPlateInstance.h */ = {isa = PBXFileReference; fileEncoding = 4; lastKnownFileType = sourcecode.c.h; path = AtPlateInstance.h; sourceTree = "<group>"; };
		555440C81CF212AF0067B495 /* AtPlateInstance.m */ = {isa = PBXFileReference; fileEncoding = 4; lastKnownFileType = sourcecode.c.objc; path = AtPlateInstance.m; sourceTree = "<group>"; };
		555440CE1CF227FE0067B495 /* NSLogCustom.h */ = {isa = PBXFileReference; fileEncoding = 4; lastKnownFileType = sourcecode.c.h; path = NSLogCustom.h; sourceTree = "<group>"; };
		555440CF1CF227FE0067B495 /* NSLogCustom.m */ = {isa = PBXFileReference; fileEncoding = 4; lastKnownFileType = sourcecode.c.objc; path = NSLogCustom.m; sourceTree = "<group>"; };
		555440D21CF22C8B0067B495 /* PrefixHeader.pch */ = {isa = PBXFileReference; lastKnownFileType = sourcecode.c.h; path = PrefixHeader.pch; sourceTree = "<group>"; };
		555B66611CF2B57800D2F8B3 /* PitchStatsFiltered.h */ = {isa = PBXFileReference; fileEncoding = 4; lastKnownFileType = sourcecode.c.h; path = PitchStatsFiltered.h; sourceTree = "<group>"; };
		555B66621CF2B57800D2F8B3 /* PitchStatsFiltered.m */ = {isa = PBXFileReference; fileEncoding = 4; lastKnownFileType = sourcecode.c.objc; path = PitchStatsFiltered.m; sourceTree = "<group>"; };
		559900891CD2890300D103FF /* PitchTracker.app */ = {isa = PBXFileReference; explicitFileType = wrapper.application; includeInIndex = 0; path = PitchTracker.app; sourceTree = BUILT_PRODUCTS_DIR; };
		5599008D1CD2890300D103FF /* main.m */ = {isa = PBXFileReference; lastKnownFileType = sourcecode.c.objc; path = main.m; sourceTree = "<group>"; };
		5599008F1CD2890300D103FF /* AppDelegate.h */ = {isa = PBXFileReference; lastKnownFileType = sourcecode.c.h; path = AppDelegate.h; sourceTree = "<group>"; };
		559900901CD2890300D103FF /* AppDelegate.m */ = {isa = PBXFileReference; lastKnownFileType = sourcecode.c.objc; path = AppDelegate.m; sourceTree = "<group>"; };
		559900921CD2890300D103FF /* ViewController.h */ = {isa = PBXFileReference; lastKnownFileType = sourcecode.c.h; path = ViewController.h; sourceTree = "<group>"; };
		559900931CD2890300D103FF /* ViewController.m */ = {isa = PBXFileReference; lastKnownFileType = sourcecode.c.objc; path = ViewController.m; sourceTree = "<group>"; };
		559900961CD2890300D103FF /* Base */ = {isa = PBXFileReference; lastKnownFileType = file.storyboard; name = Base; path = Base.lproj/Main.storyboard; sourceTree = "<group>"; };
		559900981CD2890300D103FF /* Assets.xcassets */ = {isa = PBXFileReference; lastKnownFileType = folder.assetcatalog; path = Assets.xcassets; sourceTree = "<group>"; };
		5599009B1CD2890300D103FF /* Base */ = {isa = PBXFileReference; lastKnownFileType = file.storyboard; name = Base; path = Base.lproj/LaunchScreen.storyboard; sourceTree = "<group>"; };
		5599009D1CD2890300D103FF /* Info.plist */ = {isa = PBXFileReference; lastKnownFileType = text.plist.xml; path = Info.plist; sourceTree = "<group>"; };
		559900A31CD29FBD00D103FF /* PitcherManagementViewController.h */ = {isa = PBXFileReference; fileEncoding = 4; lastKnownFileType = sourcecode.c.h; path = PitcherManagementViewController.h; sourceTree = "<group>"; };
		559900A41CD29FBD00D103FF /* PitcherManagementViewController.m */ = {isa = PBXFileReference; fileEncoding = 4; lastKnownFileType = sourcecode.c.objc; path = PitcherManagementViewController.m; sourceTree = "<group>"; };
		559900A51CD29FBD00D103FF /* PitcherManagementViewController.xib */ = {isa = PBXFileReference; fileEncoding = 4; lastKnownFileType = file.xib; path = PitcherManagementViewController.xib; sourceTree = "<group>"; };
		559900A81CD2AA0E00D103FF /* NewGameViewController.h */ = {isa = PBXFileReference; fileEncoding = 4; lastKnownFileType = sourcecode.c.h; path = NewGameViewController.h; sourceTree = "<group>"; };
		559900A91CD2AA0E00D103FF /* NewGameViewController.m */ = {isa = PBXFileReference; fileEncoding = 4; lastKnownFileType = sourcecode.c.objc; path = NewGameViewController.m; sourceTree = "<group>"; };
		559900AA1CD2AA0E00D103FF /* NewGameViewController.xib */ = {isa = PBXFileReference; fileEncoding = 4; lastKnownFileType = file.xib; path = NewGameViewController.xib; sourceTree = "<group>"; };
		559900AD1CD2AA6700D103FF /* StatsViewController.h */ = {isa = PBXFileReference; fileEncoding = 4; lastKnownFileType = sourcecode.c.h; path = StatsViewController.h; sourceTree = "<group>"; };
		559900AE1CD2AA6700D103FF /* StatsViewController.m */ = {isa = PBXFileReference; fileEncoding = 4; lastKnownFileType = sourcecode.c.objc; path = StatsViewController.m; sourceTree = "<group>"; };
		559900AF1CD2AA6700D103FF /* StatsViewController.xib */ = {isa = PBXFileReference; fileEncoding = 4; lastKnownFileType = file.xib; path = StatsViewController.xib; sourceTree = "<group>"; };
		559900B41CD2B1AE00D103FF /* Pitcher.h */ = {isa = PBXFileReference; fileEncoding = 4; lastKnownFileType = sourcecode.c.h; path = Pitcher.h; sourceTree = "<group>"; };
		559900B51CD2B1AE00D103FF /* Pitcher.m */ = {isa = PBXFileReference; fileEncoding = 4; lastKnownFileType = sourcecode.c.objc; path = Pitcher.m; sourceTree = "<group>"; };
		559900BA1CD2B5C900D103FF /* Globals.h */ = {isa = PBXFileReference; lastKnownFileType = sourcecode.c.h; path = Globals.h; sourceTree = "<group>"; };
		559900C21CD2B95600D103FF /* PitchStats.h */ = {isa = PBXFileReference; fileEncoding = 4; lastKnownFileType = sourcecode.c.h; path = PitchStats.h; sourceTree = "<group>"; };
		559900C31CD2B95600D103FF /* PitchStats.m */ = {isa = PBXFileReference; fileEncoding = 4; lastKnownFileType = sourcecode.c.objc; path = PitchStats.m; sourceTree = "<group>"; };
		559900C51CD2B97000D103FF /* PitchInstance.h */ = {isa = PBXFileReference; fileEncoding = 4; lastKnownFileType = sourcecode.c.h; path = PitchInstance.h; sourceTree = "<group>"; };
		559900C61CD2B97000D103FF /* PitchInstance.m */ = {isa = PBXFileReference; fileEncoding = 4; lastKnownFileType = sourcecode.c.objc; path = PitchInstance.m; sourceTree = "<group>"; };
		559A60D61CD3C6530037A1F3 /* PitcherInfoView.h */ = {isa = PBXFileReference; fileEncoding = 4; lastKnownFileType = sourcecode.c.h; path = PitcherInfoView.h; sourceTree = "<group>"; };
		559A60D71CD3C6530037A1F3 /* PitcherInfoView.m */ = {isa = PBXFileReference; fileEncoding = 4; lastKnownFileType = sourcecode.c.objc; path = PitcherInfoView.m; sourceTree = "<group>"; };
		559A60D91CD3C6E00037A1F3 /* PitcherStatsView.h */ = {isa = PBXFileReference; fileEncoding = 4; lastKnownFileType = sourcecode.c.h; path = PitcherStatsView.h; sourceTree = "<group>"; };
		559A60DA1CD3C6E00037A1F3 /* PitcherStatsView.m */ = {isa = PBXFileReference; fileEncoding = 4; lastKnownFileType = sourcecode.c.objc; path = PitcherStatsView.m; sourceTree = "<group>"; };
		559A60DD1CD3D00E0037A1F3 /* PitcherView.h */ = {isa = PBXFileReference; fileEncoding = 4; lastKnownFileType = sourcecode.c.h; path = PitcherView.h; sourceTree = "<group>"; };
		559A60DE1CD3D00E0037A1F3 /* PitcherView.m */ = {isa = PBXFileReference; fileEncoding = 4; lastKnownFileType = sourcecode.c.objc; path = PitcherView.m; sourceTree = "<group>"; };
		559A60E01CD3D3470037A1F3 /* PitcherInfo.h */ = {isa = PBXFileReference; fileEncoding = 4; lastKnownFileType = sourcecode.c.h; path = PitcherInfo.h; sourceTree = "<group>"; };
		559A60E11CD3D3470037A1F3 /* PitcherInfo.m */ = {isa = PBXFileReference; fileEncoding = 4; lastKnownFileType = sourcecode.c.objc; path = PitcherInfo.m; sourceTree = "<group>"; };
		559A60E31CD414A80037A1F3 /* LocalPitcherDatabase.h */ = {isa = PBXFileReference; fileEncoding = 4; lastKnownFileType = sourcecode.c.h; path = LocalPitcherDatabase.h; sourceTree = "<group>"; };
		559A60E41CD414A80037A1F3 /* LocalPitcherDatabase.m */ = {isa = PBXFileReference; fileEncoding = 4; lastKnownFileType = sourcecode.c.objc; path = LocalPitcherDatabase.m; sourceTree = "<group>"; };
		559A60E61CD51C310037A1F3 /* PitcherSideScrollView.h */ = {isa = PBXFileReference; fileEncoding = 4; lastKnownFileType = sourcecode.c.h; path = PitcherSideScrollView.h; sourceTree = "<group>"; };
		559A60E71CD51C310037A1F3 /* PitcherSideScrollView.m */ = {isa = PBXFileReference; fileEncoding = 4; lastKnownFileType = sourcecode.c.objc; path = PitcherSideScrollView.m; sourceTree = "<group>"; };
		559A60E91CD537A50037A1F3 /* EditPitcherView.h */ = {isa = PBXFileReference; fileEncoding = 4; lastKnownFileType = sourcecode.c.h; path = EditPitcherView.h; sourceTree = "<group>"; };
		559A60EA1CD537A50037A1F3 /* EditPitcherView.m */ = {isa = PBXFileReference; fileEncoding = 4; lastKnownFileType = sourcecode.c.objc; path = EditPitcherView.m; sourceTree = "<group>"; };
		559A60EC1CD546660037A1F3 /* CustomTextField.h */ = {isa = PBXFileReference; fileEncoding = 4; lastKnownFileType = sourcecode.c.h; path = CustomTextField.h; sourceTree = "<group>"; };
		559A60ED1CD546660037A1F3 /* CustomTextField.m */ = {isa = PBXFileReference; fileEncoding = 4; lastKnownFileType = sourcecode.c.objc; path = CustomTextField.m; sourceTree = "<group>"; };
/* End PBXFileReference section */

/* Begin PBXFrameworksBuildPhase section */
		559900861CD2890300D103FF /* Frameworks */ = {
			isa = PBXFrameworksBuildPhase;
			buildActionMask = 2147483647;
			files = (
			);
			runOnlyForDeploymentPostprocessing = 0;
		};
/* End PBXFrameworksBuildPhase section */

/* Begin PBXGroup section */
		551A0C261CE586CA0004B9C1 /* ZoneViews */ = {
			isa = PBXGroup;
			children = (
				551A0C201CE586260004B9C1 /* ZoneView.h */,
				551A0C211CE586260004B9C1 /* ZoneView.m */,
				551A0C231CE586AC0004B9C1 /* SingleZoneView.h */,
				551A0C241CE586AC0004B9C1 /* SingleZoneView.m */,
			);
			name = ZoneViews;
			sourceTree = "<group>";
		};
		555440CA1CF225740067B495 /* PitcherDatabase */ = {
			isa = PBXGroup;
			children = (
				559A60E31CD414A80037A1F3 /* LocalPitcherDatabase.h */,
				559A60E41CD414A80037A1F3 /* LocalPitcherDatabase.m */,
			);
			name = PitcherDatabase;
			sourceTree = "<group>";
		};
		555440D11CF22A000067B495 /* NSLogCustom */ = {
			isa = PBXGroup;
			children = (
				555440CE1CF227FE0067B495 /* NSLogCustom.h */,
				555440CF1CF227FE0067B495 /* NSLogCustom.m */,
			);
			name = NSLogCustom;
			sourceTree = "<group>";
		};
		558940931CD2E61E004841DA /* PitchingClasses */ = {
			isa = PBXGroup;
			children = (
				559900B41CD2B1AE00D103FF /* Pitcher.h */,
				559900B51CD2B1AE00D103FF /* Pitcher.m */,
				559A60E01CD3D3470037A1F3 /* PitcherInfo.h */,
				559A60E11CD3D3470037A1F3 /* PitcherInfo.m */,
				559900C21CD2B95600D103FF /* PitchStats.h */,
				559900C31CD2B95600D103FF /* PitchStats.m */,
				555440C71CF212AF0067B495 /* AtPlateInstance.h */,
				555440C81CF212AF0067B495 /* AtPlateInstance.m */,
				559900C51CD2B97000D103FF /* PitchInstance.h */,
				559900C61CD2B97000D103FF /* PitchInstance.m */,
				555B66611CF2B57800D2F8B3 /* PitchStatsFiltered.h */,
				555B66621CF2B57800D2F8B3 /* PitchStatsFiltered.m */,
			);
			name = PitchingClasses;
			sourceTree = "<group>";
		};
		559900801CD2890300D103FF = {
			isa = PBXGroup;
			children = (
				5599008B1CD2890300D103FF /* PitchTracker */,
				5599008A1CD2890300D103FF /* Products */,
			);
			sourceTree = "<group>";
		};
		5599008A1CD2890300D103FF /* Products */ = {
			isa = PBXGroup;
			children = (
				559900891CD2890300D103FF /* PitchTracker.app */,
			);
			name = Products;
			sourceTree = "<group>";
		};
		5599008B1CD2890300D103FF /* PitchTracker */ = {
			isa = PBXGroup;
			children = (
				555440D11CF22A000067B495 /* NSLogCustom */,
				559900951CD2890300D103FF /* Main.storyboard */,
				5599008F1CD2890300D103FF /* AppDelegate.h */,
				559900901CD2890300D103FF /* AppDelegate.m */,
				555440CA1CF225740067B495 /* PitcherDatabase */,
				559900B31CD2AAC700D103FF /* ViewControllers */,
				559A60DC1CD3CF3C0037A1F3 /* PitcherViews */,
				558940931CD2E61E004841DA /* PitchingClasses */,
				551A0C261CE586CA0004B9C1 /* ZoneViews */,
				559900BA1CD2B5C900D103FF /* Globals.h */,
				5537DB521CD5AF4F0088AD4D /* SelectableLabel.h */,
				5537DB531CD5AF4F0088AD4D /* SelectableLabel.m */,
				559A60EC1CD546660037A1F3 /* CustomTextField.h */,
				559A60ED1CD546660037A1F3 /* CustomTextField.m */,
				559900981CD2890300D103FF /* Assets.xcassets */,
				5599009A1CD2890300D103FF /* LaunchScreen.storyboard */,
				5599009D1CD2890300D103FF /* Info.plist */,
				5599008C1CD2890300D103FF /* Supporting Files */,
			);
			path = PitchTracker;
			sourceTree = "<group>";
		};
		5599008C1CD2890300D103FF /* Supporting Files */ = {
			isa = PBXGroup;
			children = (
				555440D21CF22C8B0067B495 /* PrefixHeader.pch */,
				5599008D1CD2890300D103FF /* main.m */,
			);
			name = "Supporting Files";
			sourceTree = "<group>";
		};
		559900B31CD2AAC700D103FF /* ViewControllers */ = {
			isa = PBXGroup;
			children = (
				559900921CD2890300D103FF /* ViewController.h */,
				559900931CD2890300D103FF /* ViewController.m */,
				559900AD1CD2AA6700D103FF /* StatsViewController.h */,
				559900AE1CD2AA6700D103FF /* StatsViewController.m */,
				559900AF1CD2AA6700D103FF /* StatsViewController.xib */,
				559900A81CD2AA0E00D103FF /* NewGameViewController.h */,
				559900A91CD2AA0E00D103FF /* NewGameViewController.m */,
				559900AA1CD2AA0E00D103FF /* NewGameViewController.xib */,
				559900A31CD29FBD00D103FF /* PitcherManagementViewController.h */,
				559900A41CD29FBD00D103FF /* PitcherManagementViewController.m */,
				559900A51CD29FBD00D103FF /* PitcherManagementViewController.xib */,
				551A0C1D1CE554800004B9C1 /* InGameViewController.h */,
				551A0C1E1CE554800004B9C1 /* InGameViewController.m */,
			);
			name = ViewControllers;
			sourceTree = "<group>";
		};
		559A60DC1CD3CF3C0037A1F3 /* PitcherViews */ = {
			isa = PBXGroup;
			children = (
				559A60E61CD51C310037A1F3 /* PitcherSideScrollView.h */,
				559A60E71CD51C310037A1F3 /* PitcherSideScrollView.m */,
				5511A1B01CD39AB100F2932A /* PitcherSideView.h */,
				5511A1B11CD39AB100F2932A /* PitcherSideView.m */,
				559A60D91CD3C6E00037A1F3 /* PitcherStatsView.h */,
				559A60DA1CD3C6E00037A1F3 /* PitcherStatsView.m */,
				559A60D61CD3C6530037A1F3 /* PitcherInfoView.h */,
				559A60D71CD3C6530037A1F3 /* PitcherInfoView.m */,
				559A60DD1CD3D00E0037A1F3 /* PitcherView.h */,
				559A60DE1CD3D00E0037A1F3 /* PitcherView.m */,
				559A60E91CD537A50037A1F3 /* EditPitcherView.h */,
				559A60EA1CD537A50037A1F3 /* EditPitcherView.m */,
			);
			name = PitcherViews;
			sourceTree = "<group>";
		};
/* End PBXGroup section */

/* Begin PBXNativeTarget section */
		559900881CD2890300D103FF /* PitchTracker */ = {
			isa = PBXNativeTarget;
			buildConfigurationList = 559900A01CD2890300D103FF /* Build configuration list for PBXNativeTarget "PitchTracker" */;
			buildPhases = (
				559900851CD2890300D103FF /* Sources */,
				559900861CD2890300D103FF /* Frameworks */,
				559900871CD2890300D103FF /* Resources */,
			);
			buildRules = (
			);
			dependencies = (
			);
			name = PitchTracker;
			productName = PitchTracker;
			productReference = 559900891CD2890300D103FF /* PitchTracker.app */;
			productType = "com.apple.product-type.application";
		};
/* End PBXNativeTarget section */

/* Begin PBXProject section */
		559900811CD2890300D103FF /* Project object */ = {
			isa = PBXProject;
			attributes = {
				LastUpgradeCheck = 0720;
				ORGANIZATIONNAME = UofTBaseball;
				TargetAttributes = {
					559900881CD2890300D103FF = {
						CreatedOnToolsVersion = 7.2.1;
						DevelopmentTeam = V36PG72EF2;
					};
				};
			};
			buildConfigurationList = 559900841CD2890300D103FF /* Build configuration list for PBXProject "PitchTracker" */;
			compatibilityVersion = "Xcode 3.2";
			developmentRegion = English;
			hasScannedForEncodings = 0;
			knownRegions = (
				en,
				Base,
			);
			mainGroup = 559900801CD2890300D103FF;
			productRefGroup = 5599008A1CD2890300D103FF /* Products */;
			projectDirPath = "";
			projectRoot = "";
			targets = (
				559900881CD2890300D103FF /* PitchTracker */,
			);
		};
/* End PBXProject section */

/* Begin PBXResourcesBuildPhase section */
		559900871CD2890300D103FF /* Resources */ = {
			isa = PBXResourcesBuildPhase;
			buildActionMask = 2147483647;
			files = (
				5599009C1CD2890300D103FF /* LaunchScreen.storyboard in Resources */,
				559900AC1CD2AA0E00D103FF /* NewGameViewController.xib in Resources */,
				559900991CD2890300D103FF /* Assets.xcassets in Resources */,
				559900971CD2890300D103FF /* Main.storyboard in Resources */,
				559900B11CD2AA6700D103FF /* StatsViewController.xib in Resources */,
				559900A71CD29FBD00D103FF /* PitcherManagementViewController.xib in Resources */,
			);
			runOnlyForDeploymentPostprocessing = 0;
		};
/* End PBXResourcesBuildPhase section */

/* Begin PBXSourcesBuildPhase section */
		559900851CD2890300D103FF /* Sources */ = {
			isa = PBXSourcesBuildPhase;
			buildActionMask = 2147483647;
			files = (
				551A0C221CE586260004B9C1 /* ZoneView.m in Sources */,
				559A60E81CD51C310037A1F3 /* PitcherSideScrollView.m in Sources */,
				551A0C1F1CE554800004B9C1 /* InGameViewController.m in Sources */,
				559900C71CD2B97000D103FF /* PitchInstance.m in Sources */,
				5537DB541CD5AF4F0088AD4D /* SelectableLabel.m in Sources */,
				555B66631CF2B57800D2F8B3 /* PitchStatsFiltered.m in Sources */,
				559A60EB1CD537A50037A1F3 /* EditPitcherView.m in Sources */,
				555440D01CF227FE0067B495 /* NSLogCustom.m in Sources */,
				559900B61CD2B1AE00D103FF /* Pitcher.m in Sources */,
				559A60E51CD414A80037A1F3 /* LocalPitcherDatabase.m in Sources */,
				559A60DF1CD3D00E0037A1F3 /* PitcherView.m in Sources */,
				559900AB1CD2AA0E00D103FF /* NewGameViewController.m in Sources */,
				559900941CD2890300D103FF /* ViewController.m in Sources */,
				559A60EE1CD546660037A1F3 /* CustomTextField.m in Sources */,
				559A60E21CD3D3470037A1F3 /* PitcherInfo.m in Sources */,
				559900B01CD2AA6700D103FF /* StatsViewController.m in Sources */,
				559A60D81CD3C6530037A1F3 /* PitcherInfoView.m in Sources */,
				559A60DB1CD3C6E00037A1F3 /* PitcherStatsView.m in Sources */,
				559900A61CD29FBD00D103FF /* PitcherManagementViewController.m in Sources */,
				559900911CD2890300D103FF /* AppDelegate.m in Sources */,
				551A0C251CE586AC0004B9C1 /* SingleZoneView.m in Sources */,
				559900C41CD2B95600D103FF /* PitchStats.m in Sources */,
				5511A1B21CD39AB100F2932A /* PitcherSideView.m in Sources */,
				555440C91CF212AF0067B495 /* AtPlateInstance.m in Sources */,
				5599008E1CD2890300D103FF /* main.m in Sources */,
			);
			runOnlyForDeploymentPostprocessing = 0;
		};
/* End PBXSourcesBuildPhase section */

/* Begin PBXVariantGroup section */
		559900951CD2890300D103FF /* Main.storyboard */ = {
			isa = PBXVariantGroup;
			children = (
				559900961CD2890300D103FF /* Base */,
			);
			name = Main.storyboard;
			sourceTree = "<group>";
		};
		5599009A1CD2890300D103FF /* LaunchScreen.storyboard */ = {
			isa = PBXVariantGroup;
			children = (
				5599009B1CD2890300D103FF /* Base */,
			);
			name = LaunchScreen.storyboard;
			sourceTree = "<group>";
		};
/* End PBXVariantGroup section */

/* Begin XCBuildConfiguration section */
		5599009E1CD2890300D103FF /* Debug */ = {
			isa = XCBuildConfiguration;
			buildSettings = {
				ALWAYS_SEARCH_USER_PATHS = NO;
				CLANG_CXX_LANGUAGE_STANDARD = "gnu++0x";
				CLANG_CXX_LIBRARY = "libc++";
				CLANG_ENABLE_MODULES = YES;
				CLANG_ENABLE_OBJC_ARC = YES;
				CLANG_WARN_BOOL_CONVERSION = YES;
				CLANG_WARN_CONSTANT_CONVERSION = YES;
				CLANG_WARN_DIRECT_OBJC_ISA_USAGE = YES_ERROR;
				CLANG_WARN_EMPTY_BODY = YES;
				CLANG_WARN_ENUM_CONVERSION = YES;
				CLANG_WARN_INT_CONVERSION = YES;
				CLANG_WARN_OBJC_ROOT_CLASS = YES_ERROR;
				CLANG_WARN_UNREACHABLE_CODE = YES;
				CLANG_WARN__DUPLICATE_METHOD_MATCH = YES;
				"CODE_SIGN_IDENTITY[sdk=iphoneos*]" = "iPhone Developer";
				COPY_PHASE_STRIP = NO;
				DEBUG_INFORMATION_FORMAT = dwarf;
				ENABLE_STRICT_OBJC_MSGSEND = YES;
				ENABLE_TESTABILITY = YES;
				GCC_C_LANGUAGE_STANDARD = gnu99;
				GCC_DYNAMIC_NO_PIC = NO;
				GCC_NO_COMMON_BLOCKS = YES;
				GCC_OPTIMIZATION_LEVEL = 0;
				GCC_PREPROCESSOR_DEFINITIONS = (
					"DEBUG=1",
					"$(inherited)",
				);
				GCC_WARN_64_TO_32_BIT_CONVERSION = YES;
				GCC_WARN_ABOUT_RETURN_TYPE = YES_ERROR;
				GCC_WARN_UNDECLARED_SELECTOR = YES;
				GCC_WARN_UNINITIALIZED_AUTOS = YES_AGGRESSIVE;
				GCC_WARN_UNUSED_FUNCTION = YES;
				GCC_WARN_UNUSED_VARIABLE = YES;
				IPHONEOS_DEPLOYMENT_TARGET = 9.2;
				MTL_ENABLE_DEBUG_INFO = YES;
				ONLY_ACTIVE_ARCH = YES;
				SDKROOT = iphoneos;
				TARGETED_DEVICE_FAMILY = 2;
			};
			name = Debug;
		};
		5599009F1CD2890300D103FF /* Release */ = {
			isa = XCBuildConfiguration;
			buildSettings = {
				ALWAYS_SEARCH_USER_PATHS = NO;
				CLANG_CXX_LANGUAGE_STANDARD = "gnu++0x";
				CLANG_CXX_LIBRARY = "libc++";
				CLANG_ENABLE_MODULES = YES;
				CLANG_ENABLE_OBJC_ARC = YES;
				CLANG_WARN_BOOL_CONVERSION = YES;
				CLANG_WARN_CONSTANT_CONVERSION = YES;
				CLANG_WARN_DIRECT_OBJC_ISA_USAGE = YES_ERROR;
				CLANG_WARN_EMPTY_BODY = YES;
				CLANG_WARN_ENUM_CONVERSION = YES;
				CLANG_WARN_INT_CONVERSION = YES;
				CLANG_WARN_OBJC_ROOT_CLASS = YES_ERROR;
				CLANG_WARN_UNREACHABLE_CODE = YES;
				CLANG_WARN__DUPLICATE_METHOD_MATCH = YES;
				"CODE_SIGN_IDENTITY[sdk=iphoneos*]" = "iPhone Developer";
				COPY_PHASE_STRIP = NO;
				DEBUG_INFORMATION_FORMAT = "dwarf-with-dsym";
				ENABLE_NS_ASSERTIONS = NO;
				ENABLE_STRICT_OBJC_MSGSEND = YES;
				GCC_C_LANGUAGE_STANDARD = gnu99;
				GCC_NO_COMMON_BLOCKS = YES;
				GCC_WARN_64_TO_32_BIT_CONVERSION = YES;
				GCC_WARN_ABOUT_RETURN_TYPE = YES_ERROR;
				GCC_WARN_UNDECLARED_SELECTOR = YES;
				GCC_WARN_UNINITIALIZED_AUTOS = YES_AGGRESSIVE;
				GCC_WARN_UNUSED_FUNCTION = YES;
				GCC_WARN_UNUSED_VARIABLE = YES;
				IPHONEOS_DEPLOYMENT_TARGET = 9.2;
				MTL_ENABLE_DEBUG_INFO = NO;
				SDKROOT = iphoneos;
				TARGETED_DEVICE_FAMILY = 2;
				VALIDATE_PRODUCT = YES;
			};
			name = Release;
		};
		559900A11CD2890300D103FF /* Debug */ = {
			isa = XCBuildConfiguration;
			buildSettings = {
				ASSETCATALOG_COMPILER_APPICON_NAME = AppIcon;
				GCC_PREFIX_HEADER = PitchTracker/PrefixHeader.pch;
				INFOPLIST_FILE = PitchTracker/Info.plist;
				LD_RUNPATH_SEARCH_PATHS = "$(inherited) @executable_path/Frameworks";
				PRODUCT_BUNDLE_IDENTIFIER = TYS.PitchTracker;
				PRODUCT_NAME = "$(TARGET_NAME)";
			};
			name = Debug;
		};
		559900A21CD2890300D103FF /* Release */ = {
			isa = XCBuildConfiguration;
			buildSettings = {
				ASSETCATALOG_COMPILER_APPICON_NAME = AppIcon;
				GCC_PREFIX_HEADER = PitchTracker/PrefixHeader.pch;
				INFOPLIST_FILE = PitchTracker/Info.plist;
				LD_RUNPATH_SEARCH_PATHS = "$(inherited) @executable_path/Frameworks";
				PRODUCT_BUNDLE_IDENTIFIER = TYS.PitchTracker;
				PRODUCT_NAME = "$(TARGET_NAME)";
			};
			name = Release;
		};
/* End XCBuildConfiguration section */

/* Begin XCConfigurationList section */
		559900841CD2890300D103FF /* Build configuration list for PBXProject "PitchTracker" */ = {
			isa = XCConfigurationList;
			buildConfigurations = (
				5599009E1CD2890300D103FF /* Debug */,
				5599009F1CD2890300D103FF /* Release */,
			);
			defaultConfigurationIsVisible = 0;
			defaultConfigurationName = Release;
		};
		559900A01CD2890300D103FF /* Build configuration list for PBXNativeTarget "PitchTracker" */ = {
			isa = XCConfigurationList;
			buildConfigurations = (
				559900A11CD2890300D103FF /* Debug */,
				559900A21CD2890300D103FF /* Release */,
			);
			defaultConfigurationIsVisible = 0;
			defaultConfigurationName = Release;
		};
/* End XCConfigurationList section */
	};
	rootObject = 559900811CD2890300D103FF /* Project object */;
}
