// !$*UTF8*$!
{
	archiveVersion = 1;
	classes = {
	};
	objectVersion = 46;
	objects = {

/* Begin PBXBuildFile section */
		5599004C1CD27FCF00D103FF /* main.m in Sources */ = {isa = PBXBuildFile; fileRef = 5599004B1CD27FCF00D103FF /* main.m */; };
		5599004F1CD27FCF00D103FF /* AppDelegate.m in Sources */ = {isa = PBXBuildFile; fileRef = 5599004E1CD27FCF00D103FF /* AppDelegate.m */; };
		559900521CD27FCF00D103FF /* MasterViewController.m in Sources */ = {isa = PBXBuildFile; fileRef = 559900511CD27FCF00D103FF /* MasterViewController.m */; };
		559900551CD27FCF00D103FF /* DetailViewController.m in Sources */ = {isa = PBXBuildFile; fileRef = 559900541CD27FCF00D103FF /* DetailViewController.m */; };
		559900581CD27FD000D103FF /* Main.storyboard in Resources */ = {isa = PBXBuildFile; fileRef = 559900561CD27FD000D103FF /* Main.storyboard */; };
		5599005A1CD27FD000D103FF /* Assets.xcassets in Resources */ = {isa = PBXBuildFile; fileRef = 559900591CD27FD000D103FF /* Assets.xcassets */; };
		5599005D1CD27FD000D103FF /* LaunchScreen.storyboard in Resources */ = {isa = PBXBuildFile; fileRef = 5599005B1CD27FD000D103FF /* LaunchScreen.storyboard */; };
		559900681CD27FD000D103FF /* PitchTrackerTests.m in Sources */ = {isa = PBXBuildFile; fileRef = 559900671CD27FD000D103FF /* PitchTrackerTests.m */; };
		559900731CD27FD000D103FF /* PitchTrackerUITests.m in Sources */ = {isa = PBXBuildFile; fileRef = 559900721CD27FD000D103FF /* PitchTrackerUITests.m */; };
/* End PBXBuildFile section */

/* Begin PBXContainerItemProxy section */
		559900641CD27FD000D103FF /* PBXContainerItemProxy */ = {
			isa = PBXContainerItemProxy;
			containerPortal = 5599003F1CD27FCF00D103FF /* Project object */;
			proxyType = 1;
			remoteGlobalIDString = 559900461CD27FCF00D103FF;
			remoteInfo = PitchTracker;
		};
		5599006F1CD27FD000D103FF /* PBXContainerItemProxy */ = {
			isa = PBXContainerItemProxy;
			containerPortal = 5599003F1CD27FCF00D103FF /* Project object */;
			proxyType = 1;
			remoteGlobalIDString = 559900461CD27FCF00D103FF;
			remoteInfo = PitchTracker;
		};
/* End PBXContainerItemProxy section */

/* Begin PBXFileReference section */
		559900471CD27FCF00D103FF /* PitchTracker.app */ = {isa = PBXFileReference; explicitFileType = wrapper.application; includeInIndex = 0; path = PitchTracker.app; sourceTree = BUILT_PRODUCTS_DIR; };
		5599004B1CD27FCF00D103FF /* main.m */ = {isa = PBXFileReference; lastKnownFileType = sourcecode.c.objc; path = main.m; sourceTree = "<group>"; };
		5599004D1CD27FCF00D103FF /* AppDelegate.h */ = {isa = PBXFileReference; lastKnownFileType = sourcecode.c.h; path = AppDelegate.h; sourceTree = "<group>"; };
		5599004E1CD27FCF00D103FF /* AppDelegate.m */ = {isa = PBXFileReference; lastKnownFileType = sourcecode.c.objc; path = AppDelegate.m; sourceTree = "<group>"; };
		559900501CD27FCF00D103FF /* MasterViewController.h */ = {isa = PBXFileReference; lastKnownFileType = sourcecode.c.h; path = MasterViewController.h; sourceTree = "<group>"; };
		559900511CD27FCF00D103FF /* MasterViewController.m */ = {isa = PBXFileReference; lastKnownFileType = sourcecode.c.objc; path = MasterViewController.m; sourceTree = "<group>"; };
		559900531CD27FCF00D103FF /* DetailViewController.h */ = {isa = PBXFileReference; lastKnownFileType = sourcecode.c.h; path = DetailViewController.h; sourceTree = "<group>"; };
		559900541CD27FCF00D103FF /* DetailViewController.m */ = {isa = PBXFileReference; lastKnownFileType = sourcecode.c.objc; path = DetailViewController.m; sourceTree = "<group>"; };
		559900571CD27FD000D103FF /* Base */ = {isa = PBXFileReference; lastKnownFileType = file.storyboard; name = Base; path = Base.lproj/Main.storyboard; sourceTree = "<group>"; };
		559900591CD27FD000D103FF /* Assets.xcassets */ = {isa = PBXFileReference; lastKnownFileType = folder.assetcatalog; path = Assets.xcassets; sourceTree = "<group>"; };
		5599005C1CD27FD000D103FF /* Base */ = {isa = PBXFileReference; lastKnownFileType = file.storyboard; name = Base; path = Base.lproj/LaunchScreen.storyboard; sourceTree = "<group>"; };
		5599005E1CD27FD000D103FF /* Info.plist */ = {isa = PBXFileReference; lastKnownFileType = text.plist.xml; path = Info.plist; sourceTree = "<group>"; };
		559900631CD27FD000D103FF /* PitchTrackerTests.xctest */ = {isa = PBXFileReference; explicitFileType = wrapper.cfbundle; includeInIndex = 0; path = PitchTrackerTests.xctest; sourceTree = BUILT_PRODUCTS_DIR; };
		559900671CD27FD000D103FF /* PitchTrackerTests.m */ = {isa = PBXFileReference; lastKnownFileType = sourcecode.c.objc; path = PitchTrackerTests.m; sourceTree = "<group>"; };
		559900691CD27FD000D103FF /* Info.plist */ = {isa = PBXFileReference; lastKnownFileType = text.plist.xml; path = Info.plist; sourceTree = "<group>"; };
		5599006E1CD27FD000D103FF /* PitchTrackerUITests.xctest */ = {isa = PBXFileReference; explicitFileType = wrapper.cfbundle; includeInIndex = 0; path = PitchTrackerUITests.xctest; sourceTree = BUILT_PRODUCTS_DIR; };
		559900721CD27FD000D103FF /* PitchTrackerUITests.m */ = {isa = PBXFileReference; lastKnownFileType = sourcecode.c.objc; path = PitchTrackerUITests.m; sourceTree = "<group>"; };
		559900741CD27FD000D103FF /* Info.plist */ = {isa = PBXFileReference; lastKnownFileType = text.plist.xml; path = Info.plist; sourceTree = "<group>"; };
/* End PBXFileReference section */

/* Begin PBXFrameworksBuildPhase section */
		559900441CD27FCF00D103FF /* Frameworks */ = {
			isa = PBXFrameworksBuildPhase;
			buildActionMask = 2147483647;
			files = (
			);
			runOnlyForDeploymentPostprocessing = 0;
		};
		559900601CD27FD000D103FF /* Frameworks */ = {
			isa = PBXFrameworksBuildPhase;
			buildActionMask = 2147483647;
			files = (
			);
			runOnlyForDeploymentPostprocessing = 0;
		};
		5599006B1CD27FD000D103FF /* Frameworks */ = {
			isa = PBXFrameworksBuildPhase;
			buildActionMask = 2147483647;
			files = (
			);
			runOnlyForDeploymentPostprocessing = 0;
		};
/* End PBXFrameworksBuildPhase section */

/* Begin PBXGroup section */
		5599003E1CD27FCF00D103FF = {
			isa = PBXGroup;
			children = (
				559900491CD27FCF00D103FF /* PitchTracker */,
				559900661CD27FD000D103FF /* PitchTrackerTests */,
				559900711CD27FD000D103FF /* PitchTrackerUITests */,
				559900481CD27FCF00D103FF /* Products */,
			);
			sourceTree = "<group>";
		};
		559900481CD27FCF00D103FF /* Products */ = {
			isa = PBXGroup;
			children = (
				559900471CD27FCF00D103FF /* PitchTracker.app */,
				559900631CD27FD000D103FF /* PitchTrackerTests.xctest */,
				5599006E1CD27FD000D103FF /* PitchTrackerUITests.xctest */,
			);
			name = Products;
			sourceTree = "<group>";
		};
		559900491CD27FCF00D103FF /* PitchTracker */ = {
			isa = PBXGroup;
			children = (
				5599004D1CD27FCF00D103FF /* AppDelegate.h */,
				5599004E1CD27FCF00D103FF /* AppDelegate.m */,
				559900501CD27FCF00D103FF /* MasterViewController.h */,
				559900511CD27FCF00D103FF /* MasterViewController.m */,
				559900531CD27FCF00D103FF /* DetailViewController.h */,
				559900541CD27FCF00D103FF /* DetailViewController.m */,
				559900561CD27FD000D103FF /* Main.storyboard */,
				559900591CD27FD000D103FF /* Assets.xcassets */,
				5599005B1CD27FD000D103FF /* LaunchScreen.storyboard */,
				5599005E1CD27FD000D103FF /* Info.plist */,
				5599004A1CD27FCF00D103FF /* Supporting Files */,
			);
			path = PitchTracker;
			sourceTree = "<group>";
		};
		5599004A1CD27FCF00D103FF /* Supporting Files */ = {
			isa = PBXGroup;
			children = (
				5599004B1CD27FCF00D103FF /* main.m */,
			);
			name = "Supporting Files";
			sourceTree = "<group>";
		};
		559900661CD27FD000D103FF /* PitchTrackerTests */ = {
			isa = PBXGroup;
			children = (
				559900671CD27FD000D103FF /* PitchTrackerTests.m */,
				559900691CD27FD000D103FF /* Info.plist */,
			);
			path = PitchTrackerTests;
			sourceTree = "<group>";
		};
		559900711CD27FD000D103FF /* PitchTrackerUITests */ = {
			isa = PBXGroup;
			children = (
				559900721CD27FD000D103FF /* PitchTrackerUITests.m */,
				559900741CD27FD000D103FF /* Info.plist */,
			);
			path = PitchTrackerUITests;
			sourceTree = "<group>";
		};
/* End PBXGroup section */

/* Begin PBXNativeTarget section */
		559900461CD27FCF00D103FF /* PitchTracker */ = {
			isa = PBXNativeTarget;
			buildConfigurationList = 559900771CD27FD000D103FF /* Build configuration list for PBXNativeTarget "PitchTracker" */;
			buildPhases = (
				559900431CD27FCF00D103FF /* Sources */,
				559900441CD27FCF00D103FF /* Frameworks */,
				559900451CD27FCF00D103FF /* Resources */,
			);
			buildRules = (
			);
			dependencies = (
			);
			name = PitchTracker;
			productName = PitchTracker;
			productReference = 559900471CD27FCF00D103FF /* PitchTracker.app */;
			productType = "com.apple.product-type.application";
		};
		559900621CD27FD000D103FF /* PitchTrackerTests */ = {
			isa = PBXNativeTarget;
			buildConfigurationList = 5599007A1CD27FD000D103FF /* Build configuration list for PBXNativeTarget "PitchTrackerTests" */;
			buildPhases = (
				5599005F1CD27FD000D103FF /* Sources */,
				559900601CD27FD000D103FF /* Frameworks */,
				559900611CD27FD000D103FF /* Resources */,
			);
			buildRules = (
			);
			dependencies = (
				559900651CD27FD000D103FF /* PBXTargetDependency */,
			);
			name = PitchTrackerTests;
			productName = PitchTrackerTests;
			productReference = 559900631CD27FD000D103FF /* PitchTrackerTests.xctest */;
			productType = "com.apple.product-type.bundle.unit-test";
		};
		5599006D1CD27FD000D103FF /* PitchTrackerUITests */ = {
			isa = PBXNativeTarget;
			buildConfigurationList = 5599007D1CD27FD000D103FF /* Build configuration list for PBXNativeTarget "PitchTrackerUITests" */;
			buildPhases = (
				5599006A1CD27FD000D103FF /* Sources */,
				5599006B1CD27FD000D103FF /* Frameworks */,
				5599006C1CD27FD000D103FF /* Resources */,
			);
			buildRules = (
			);
			dependencies = (
				559900701CD27FD000D103FF /* PBXTargetDependency */,
			);
			name = PitchTrackerUITests;
			productName = PitchTrackerUITests;
			productReference = 5599006E1CD27FD000D103FF /* PitchTrackerUITests.xctest */;
			productType = "com.apple.product-type.bundle.ui-testing";
		};
/* End PBXNativeTarget section */

/* Begin PBXProject section */
		5599003F1CD27FCF00D103FF /* Project object */ = {
			isa = PBXProject;
			attributes = {
				LastUpgradeCheck = 0720;
				ORGANIZATIONNAME = UofTBaseball;
				TargetAttributes = {
					559900461CD27FCF00D103FF = {
						CreatedOnToolsVersion = 7.2.1;
						DevelopmentTeam = V36PG72EF2;
					};
					559900621CD27FD000D103FF = {
						CreatedOnToolsVersion = 7.2.1;
						DevelopmentTeam = V36PG72EF2;
						TestTargetID = 559900461CD27FCF00D103FF;
					};
					5599006D1CD27FD000D103FF = {
						CreatedOnToolsVersion = 7.2.1;
						DevelopmentTeam = V36PG72EF2;
						TestTargetID = 559900461CD27FCF00D103FF;
					};
				};
			};
			buildConfigurationList = 559900421CD27FCF00D103FF /* Build configuration list for PBXProject "PitchTracker" */;
			compatibilityVersion = "Xcode 3.2";
			developmentRegion = English;
			hasScannedForEncodings = 0;
			knownRegions = (
				en,
				Base,
			);
			mainGroup = 5599003E1CD27FCF00D103FF;
			productRefGroup = 559900481CD27FCF00D103FF /* Products */;
			projectDirPath = "";
			projectRoot = "";
			targets = (
				559900461CD27FCF00D103FF /* PitchTracker */,
				559900621CD27FD000D103FF /* PitchTrackerTests */,
				5599006D1CD27FD000D103FF /* PitchTrackerUITests */,
			);
		};
/* End PBXProject section */

/* Begin PBXResourcesBuildPhase section */
		559900451CD27FCF00D103FF /* Resources */ = {
			isa = PBXResourcesBuildPhase;
			buildActionMask = 2147483647;
			files = (
				5599005D1CD27FD000D103FF /* LaunchScreen.storyboard in Resources */,
				5599005A1CD27FD000D103FF /* Assets.xcassets in Resources */,
				559900581CD27FD000D103FF /* Main.storyboard in Resources */,
			);
			runOnlyForDeploymentPostprocessing = 0;
		};
		559900611CD27FD000D103FF /* Resources */ = {
			isa = PBXResourcesBuildPhase;
			buildActionMask = 2147483647;
			files = (
			);
			runOnlyForDeploymentPostprocessing = 0;
		};
		5599006C1CD27FD000D103FF /* Resources */ = {
			isa = PBXResourcesBuildPhase;
			buildActionMask = 2147483647;
			files = (
			);
			runOnlyForDeploymentPostprocessing = 0;
		};
/* End PBXResourcesBuildPhase section */

/* Begin PBXSourcesBuildPhase section */
		559900431CD27FCF00D103FF /* Sources */ = {
			isa = PBXSourcesBuildPhase;
			buildActionMask = 2147483647;
			files = (
				5599004F1CD27FCF00D103FF /* AppDelegate.m in Sources */,
				559900521CD27FCF00D103FF /* MasterViewController.m in Sources */,
				5599004C1CD27FCF00D103FF /* main.m in Sources */,
				559900551CD27FCF00D103FF /* DetailViewController.m in Sources */,
			);
			runOnlyForDeploymentPostprocessing = 0;
		};
		5599005F1CD27FD000D103FF /* Sources */ = {
			isa = PBXSourcesBuildPhase;
			buildActionMask = 2147483647;
			files = (
				559900681CD27FD000D103FF /* PitchTrackerTests.m in Sources */,
			);
			runOnlyForDeploymentPostprocessing = 0;
		};
		5599006A1CD27FD000D103FF /* Sources */ = {
			isa = PBXSourcesBuildPhase;
			buildActionMask = 2147483647;
			files = (
				559900731CD27FD000D103FF /* PitchTrackerUITests.m in Sources */,
			);
			runOnlyForDeploymentPostprocessing = 0;
		};
/* End PBXSourcesBuildPhase section */

/* Begin PBXTargetDependency section */
		559900651CD27FD000D103FF /* PBXTargetDependency */ = {
			isa = PBXTargetDependency;
			target = 559900461CD27FCF00D103FF /* PitchTracker */;
			targetProxy = 559900641CD27FD000D103FF /* PBXContainerItemProxy */;
		};
		559900701CD27FD000D103FF /* PBXTargetDependency */ = {
			isa = PBXTargetDependency;
			target = 559900461CD27FCF00D103FF /* PitchTracker */;
			targetProxy = 5599006F1CD27FD000D103FF /* PBXContainerItemProxy */;
		};
/* End PBXTargetDependency section */

/* Begin PBXVariantGroup section */
		559900561CD27FD000D103FF /* Main.storyboard */ = {
			isa = PBXVariantGroup;
			children = (
				559900571CD27FD000D103FF /* Base */,
			);
			name = Main.storyboard;
			sourceTree = "<group>";
		};
		5599005B1CD27FD000D103FF /* LaunchScreen.storyboard */ = {
			isa = PBXVariantGroup;
			children = (
				5599005C1CD27FD000D103FF /* Base */,
			);
			name = LaunchScreen.storyboard;
			sourceTree = "<group>";
		};
/* End PBXVariantGroup section */

/* Begin XCBuildConfiguration section */
		559900751CD27FD000D103FF /* Debug */ = {
			isa = XCBuildConfiguration;
			buildSettings = {
				ALWAYS_SEARCH_USER_PATHS = NO;
				CLANG_CXX_LANGUAGE_STANDARD = "gnu++0x";
				CLANG_CXX_LIBRARY = "libc++";
				CLANG_ENABLE_MODULES = YES;
				CLANG_ENABLE_OBJC_ARC = YES;
				CLANG_WARN_BOOL_CONVERSION = YES;
				CLANG_WARN_CONSTANT_CONVERSION = YES;
				CLANG_WARN_DIRECT_OBJC_ISA_USAGE = YES_ERROR;
				CLANG_WARN_EMPTY_BODY = YES;
				CLANG_WARN_ENUM_CONVERSION = YES;
				CLANG_WARN_INT_CONVERSION = YES;
				CLANG_WARN_OBJC_ROOT_CLASS = YES_ERROR;
				CLANG_WARN_UNREACHABLE_CODE = YES;
				CLANG_WARN__DUPLICATE_METHOD_MATCH = YES;
				"CODE_SIGN_IDENTITY[sdk=iphoneos*]" = "iPhone Developer";
				COPY_PHASE_STRIP = NO;
				DEBUG_INFORMATION_FORMAT = dwarf;
				ENABLE_STRICT_OBJC_MSGSEND = YES;
				ENABLE_TESTABILITY = YES;
				GCC_C_LANGUAGE_STANDARD = gnu99;
				GCC_DYNAMIC_NO_PIC = NO;
				GCC_NO_COMMON_BLOCKS = YES;
				GCC_OPTIMIZATION_LEVEL = 0;
				GCC_PREPROCESSOR_DEFINITIONS = (
					"DEBUG=1",
					"$(inherited)",
				);
				GCC_WARN_64_TO_32_BIT_CONVERSION = YES;
				GCC_WARN_ABOUT_RETURN_TYPE = YES_ERROR;
				GCC_WARN_UNDECLARED_SELECTOR = YES;
				GCC_WARN_UNINITIALIZED_AUTOS = YES_AGGRESSIVE;
				GCC_WARN_UNUSED_FUNCTION = YES;
				GCC_WARN_UNUSED_VARIABLE = YES;
				IPHONEOS_DEPLOYMENT_TARGET = 9.2;
				MTL_ENABLE_DEBUG_INFO = YES;
				ONLY_ACTIVE_ARCH = YES;
				SDKROOT = iphoneos;
				TARGETED_DEVICE_FAMILY = 2;
			};
			name = Debug;
		};
		559900761CD27FD000D103FF /* Release */ = {
			isa = XCBuildConfiguration;
			buildSettings = {
				ALWAYS_SEARCH_USER_PATHS = NO;
				CLANG_CXX_LANGUAGE_STANDARD = "gnu++0x";
				CLANG_CXX_LIBRARY = "libc++";
				CLANG_ENABLE_MODULES = YES;
				CLANG_ENABLE_OBJC_ARC = YES;
				CLANG_WARN_BOOL_CONVERSION = YES;
				CLANG_WARN_CONSTANT_CONVERSION = YES;
				CLANG_WARN_DIRECT_OBJC_ISA_USAGE = YES_ERROR;
				CLANG_WARN_EMPTY_BODY = YES;
				CLANG_WARN_ENUM_CONVERSION = YES;
				CLANG_WARN_INT_CONVERSION = YES;
				CLANG_WARN_OBJC_ROOT_CLASS = YES_ERROR;
				CLANG_WARN_UNREACHABLE_CODE = YES;
				CLANG_WARN__DUPLICATE_METHOD_MATCH = YES;
				"CODE_SIGN_IDENTITY[sdk=iphoneos*]" = "iPhone Developer";
				COPY_PHASE_STRIP = NO;
				DEBUG_INFORMATION_FORMAT = "dwarf-with-dsym";
				ENABLE_NS_ASSERTIONS = NO;
				ENABLE_STRICT_OBJC_MSGSEND = YES;
				GCC_C_LANGUAGE_STANDARD = gnu99;
				GCC_NO_COMMON_BLOCKS = YES;
				GCC_WARN_64_TO_32_BIT_CONVERSION = YES;
				GCC_WARN_ABOUT_RETURN_TYPE = YES_ERROR;
				GCC_WARN_UNDECLARED_SELECTOR = YES;
				GCC_WARN_UNINITIALIZED_AUTOS = YES_AGGRESSIVE;
				GCC_WARN_UNUSED_FUNCTION = YES;
				GCC_WARN_UNUSED_VARIABLE = YES;
				IPHONEOS_DEPLOYMENT_TARGET = 9.2;
				MTL_ENABLE_DEBUG_INFO = NO;
				SDKROOT = iphoneos;
				TARGETED_DEVICE_FAMILY = 2;
				VALIDATE_PRODUCT = YES;
			};
			name = Release;
		};
		559900781CD27FD000D103FF /* Debug */ = {
			isa = XCBuildConfiguration;
			buildSettings = {
				ASSETCATALOG_COMPILER_APPICON_NAME = AppIcon;
				INFOPLIST_FILE = PitchTracker/Info.plist;
				LD_RUNPATH_SEARCH_PATHS = "$(inherited) @executable_path/Frameworks";
				PRODUCT_BUNDLE_IDENTIFIER = TYS.PitchTracker;
				PRODUCT_NAME = "$(TARGET_NAME)";
			};
			name = Debug;
		};
		559900791CD27FD000D103FF /* Release */ = {
			isa = XCBuildConfiguration;
			buildSettings = {
				ASSETCATALOG_COMPILER_APPICON_NAME = AppIcon;
				INFOPLIST_FILE = PitchTracker/Info.plist;
				LD_RUNPATH_SEARCH_PATHS = "$(inherited) @executable_path/Frameworks";
				PRODUCT_BUNDLE_IDENTIFIER = TYS.PitchTracker;
				PRODUCT_NAME = "$(TARGET_NAME)";
			};
			name = Release;
		};
		5599007B1CD27FD000D103FF /* Debug */ = {
			isa = XCBuildConfiguration;
			buildSettings = {
				BUNDLE_LOADER = "$(TEST_HOST)";
				INFOPLIST_FILE = PitchTrackerTests/Info.plist;
				LD_RUNPATH_SEARCH_PATHS = "$(inherited) @executable_path/Frameworks @loader_path/Frameworks";
				PRODUCT_BUNDLE_IDENTIFIER = TYS.PitchTrackerTests;
				PRODUCT_NAME = "$(TARGET_NAME)";
				TEST_HOST = "$(BUILT_PRODUCTS_DIR)/PitchTracker.app/PitchTracker";
			};
			name = Debug;
		};
		5599007C1CD27FD000D103FF /* Release */ = {
			isa = XCBuildConfiguration;
			buildSettings = {
				BUNDLE_LOADER = "$(TEST_HOST)";
				INFOPLIST_FILE = PitchTrackerTests/Info.plist;
				LD_RUNPATH_SEARCH_PATHS = "$(inherited) @executable_path/Frameworks @loader_path/Frameworks";
				PRODUCT_BUNDLE_IDENTIFIER = TYS.PitchTrackerTests;
				PRODUCT_NAME = "$(TARGET_NAME)";
				TEST_HOST = "$(BUILT_PRODUCTS_DIR)/PitchTracker.app/PitchTracker";
			};
			name = Release;
		};
		5599007E1CD27FD000D103FF /* Debug */ = {
			isa = XCBuildConfiguration;
			buildSettings = {
				INFOPLIST_FILE = PitchTrackerUITests/Info.plist;
				LD_RUNPATH_SEARCH_PATHS = "$(inherited) @executable_path/Frameworks @loader_path/Frameworks";
				PRODUCT_BUNDLE_IDENTIFIER = TYS.PitchTrackerUITests;
				PRODUCT_NAME = "$(TARGET_NAME)";
				TEST_TARGET_NAME = PitchTracker;
				USES_XCTRUNNER = YES;
			};
			name = Debug;
		};
		5599007F1CD27FD000D103FF /* Release */ = {
			isa = XCBuildConfiguration;
			buildSettings = {
				INFOPLIST_FILE = PitchTrackerUITests/Info.plist;
				LD_RUNPATH_SEARCH_PATHS = "$(inherited) @executable_path/Frameworks @loader_path/Frameworks";
				PRODUCT_BUNDLE_IDENTIFIER = TYS.PitchTrackerUITests;
				PRODUCT_NAME = "$(TARGET_NAME)";
				TEST_TARGET_NAME = PitchTracker;
				USES_XCTRUNNER = YES;
			};
			name = Release;
		};
/* End XCBuildConfiguration section */

/* Begin XCConfigurationList section */
		559900421CD27FCF00D103FF /* Build configuration list for PBXProject "PitchTracker" */ = {
			isa = XCConfigurationList;
			buildConfigurations = (
				559900751CD27FD000D103FF /* Debug */,
				559900761CD27FD000D103FF /* Release */,
			);
			defaultConfigurationIsVisible = 0;
			defaultConfigurationName = Release;
		};
		559900771CD27FD000D103FF /* Build configuration list for PBXNativeTarget "PitchTracker" */ = {
			isa = XCConfigurationList;
			buildConfigurations = (
				559900781CD27FD000D103FF /* Debug */,
				559900791CD27FD000D103FF /* Release */,
			);
			defaultConfigurationIsVisible = 0;
		};
		5599007A1CD27FD000D103FF /* Build configuration list for PBXNativeTarget "PitchTrackerTests" */ = {
			isa = XCConfigurationList;
			buildConfigurations = (
				5599007B1CD27FD000D103FF /* Debug */,
				5599007C1CD27FD000D103FF /* Release */,
			);
			defaultConfigurationIsVisible = 0;
		};
		5599007D1CD27FD000D103FF /* Build configuration list for PBXNativeTarget "PitchTrackerUITests" */ = {
			isa = XCConfigurationList;
			buildConfigurations = (
				5599007E1CD27FD000D103FF /* Debug */,
				5599007F1CD27FD000D103FF /* Release */,
			);
			defaultConfigurationIsVisible = 0;
		};
/* End XCConfigurationList section */
	};
	rootObject = 5599003F1CD27FCF00D103FF /* Project object */;
}
